
Microsoft Visual Studio Solution File, Format Version 12.00
# Visual Studio Version 17
VisualStudioVersion = 17.11.35312.102
MinimumVisualStudioVersion = 10.0.40219.1
Project("{FAE04EC0-301F-11D3-BF4B-00C04F79EFBC}") = "Payroll System", "Payroll System\Payroll System.csproj", "{72B3252A-13EC-4861-A70F-3178799FE410}"
EndProject
Global
	GlobalSection(SolutionConfigurationPlatforms) = preSolution
		Debug|Any CPU = Debug|Any CPU
		Release|Any CPU = Release|Any CPU
	EndGlobalSection
	GlobalSection(ProjectConfigurationPlatforms) = postSolution
		{72B3252A-13EC-4861-A70F-3178799FE410}.Debug|Any CPU.ActiveCfg = Debug|Any CPU
		{72B3252A-13EC-4861-A70F-3178799FE410}.Debug|Any CPU.Build.0 = Debug|Any CPU
		{72B3252A-13EC-4861-A70F-3178799FE410}.Release|Any CPU.ActiveCfg = Release|Any CPU
		{72B3252A-13EC-4861-A70F-3178799FE410}.Release|Any CPU.Build.0 = Release|Any CPU
	EndGlobalSection
	GlobalSection(SolutionProperties) = preSolution
		HideSolutionNode = FALSE
	EndGlobalSection
	GlobalSection(ExtensibilityGlobals) = postSolution
		SolutionGuid = {775D5EAF-BD10-4CBF-8C88-303275589F7A}
	EndGlobalSection
EndGlobal
